# This file is automatically @generated by Cargo.
# It is not intended for manual editing.
version = 4

[[package]]
name = "cm3588-fan"
version = "0.2.8"
dependencies = [
 "env_logger",
 "log",
]

[[package]]
name = "env_filter"
version = "1.0.0"
source = "registry+https://github.com/rust-lang/crates.io-index"
checksum = "7a1c3cc8e57274ec99de65301228b537f1e4eedc1b8e0f9411c6caac8ae7308f"
dependencies = [
 "log",
]

[[package]]
name = "env_logger"
version = "0.11.9"
source = "registry+https://github.com/rust-lang/crates.io-index"
checksum = "b2daee4ea451f429a58296525ddf28b45a3b64f1acf6587e2067437bb11e218d"
dependencies = [
 "env_filter",
 "jiff",
 "log",
]

[[package]]
name = "jiff"
version = "0.2.20"
source = "registry+https://github.com/rust-lang/crates.io-index"
checksum = "c867c356cc096b33f4981825ab281ecba3db0acefe60329f044c1789d94c6543"
dependencies = [
 "jiff-static",
 "log",
 "portable-atomic",
 "portable-atomic-util",
 "serde_core",
]

[[package]]
name = "jiff-static"
version = "0.2.20"
source = "registry+https://github.com/rust-lang/crates.io-index"
checksum = "f7946b4325269738f270bb55b3c19ab5c5040525f83fd625259422a9d25d9be5"
dependencies = [
 "proc-macro2",
 "quote",
 "syn",
]

[[package]]
name = "log"
version = "0.4.29"
source = "registry+https://github.com/rust-lang/crates.io-index"
checksum = "5e5032e24019045c762d3c0f28f5b6b8bbf38563a65908389bf7978758920897"

[[package]]
name = "portable-atomic"
version = "1.13.1"
source = "registry+https://github.com/rust-lang/crates.io-index"
checksum = "c33a9471896f1c69cecef8d20cbe2f7accd12527ce60845ff44c153bb2a21b49"

[[package]]
name = "portable-atomic-util"
version = "0.2.5"
source = "registry+https://github.com/rust-lang/crates.io-index"
checksum = "7a9db96d7fa8782dd8c15ce32ffe8680bbd1e978a43bf51a34d39483540495f5"
dependencies = [
 "portable-atomic",
]

[[package]]
name = "proc-macro2"
version = "1.0.106"
source = "registry+https://github.com/rust-lang/crates.io-index"
checksum = "8fd00f0bb2e90d81d1044c2b32617f68fcb9fa3bb7640c23e9c748e53fb30934"
dependencies = [
 "unicode-ident",
]

[[package]]
name = "quote"
version = "1.0.44"
source = "registry+https://github.com/rust-lang/crates.io-index"
checksum = "21b2ebcf727b7760c461f091f9f0f539b77b8e87f2fd88131e7f1b433b3cece4"
dependencies = [
 "proc-macro2",
]

[[package]]
name = "serde_core"
version = "1.0.228"
source = "registry+https://github.com/rust-lang/crates.io-index"
checksum = "41d385c7d4ca58e59fc732af25c3983b67ac852c1a25000afe1175de458b67ad"
dependencies = [
 "serde_derive",
]

[[package]]
name = "serde_derive"
version = "1.0.228"
source = "registry+https://github.com/rust-lang/crates.io-index"
checksum = "d540f220d3187173da220f885ab66608367b6574e925011a9353e4badda91d79"
dependencies = [
 "proc-macro2",
 "quote",
 "syn",
]

[[package]]
name = "syn"
version = "2.0.117"
source = "registry+https://github.com/rust-lang/crates.io-index"
checksum = "e665b8803e7b1d2a727f4023456bbbbe74da67099c585258af0ad9c5013b9b99"
dependencies = [
 "proc-macro2",
 "quote",
 "unicode-ident",
]

[[package]]
name = "unicode-ident"
version = "1.0.24"
source = "registry+https://github.com/rust-lang/crates.io-index"
checksum = "e6e4313cd5fcd3dad5cafa179702e2b244f760991f45397d14d4ebf38247da75"
