# @generated - this file is auto-generated by `mise lock` https://mise.en.dev/dev-tools/mise-lock.html

[[tools.hadolint]]
version = "2.15.1"
backend = "aqua:hadolint/hadolint"

[tools.hadolint."platforms.linux-arm64"]
checksum = "sha256:f6198ef8090f404dbb771abfee086eb8c48ac177f30da7fd3510aca35b344b5d"
url = "https://github.com/hadolint/hadolint/releases/download/v2.15.1/hadolint-linux-arm64"
url_api = "https://api.github.com/repos/hadolint/hadolint/releases/assets/496546507"

[tools.hadolint."platforms.linux-arm64-musl"]
checksum = "sha256:f6198ef8090f404dbb771abfee086eb8c48ac177f30da7fd3510aca35b344b5d"
url = "https://github.com/hadolint/hadolint/releases/download/v2.15.1/hadolint-linux-arm64"
url_api = "https://api.github.com/repos/hadolint/hadolint/releases/assets/496546507"

[tools.hadolint."platforms.linux-x64"]
checksum = "sha256:c7187db94eeeeca956519a6af171adc31453941a1e777961f6e680f697c8c507"
url = "https://github.com/hadolint/hadolint/releases/download/v2.15.1/hadolint-linux-x86_64"
url_api = "https://api.github.com/repos/hadolint/hadolint/releases/assets/496546506"

[tools.hadolint."platforms.linux-x64-musl"]
checksum = "sha256:c7187db94eeeeca956519a6af171adc31453941a1e777961f6e680f697c8c507"
url = "https://github.com/hadolint/hadolint/releases/download/v2.15.1/hadolint-linux-x86_64"
url_api = "https://api.github.com/repos/hadolint/hadolint/releases/assets/496546506"

[tools.hadolint."platforms.macos-arm64"]
checksum = "sha256:5c09f3213f8e40406abe048233d985eebef336d4a6a20021be47fadb6cf480a2"
url = "https://github.com/hadolint/hadolint/releases/download/v2.15.1/hadolint-macos-arm64"
url_api = "https://api.github.com/repos/hadolint/hadolint/releases/assets/496546505"

[tools.hadolint."platforms.macos-x64"]
checksum = "sha256:ffe9bb18b23d5ed1eae50237aecdbb523d016e96da0bd4e7aa432040acfc3fde"
url = "https://github.com/hadolint/hadolint/releases/download/v2.15.1/hadolint-macos-x86_64"
url_api = "https://api.github.com/repos/hadolint/hadolint/releases/assets/496546509"

[tools.hadolint."platforms.windows-x64"]
checksum = "sha256:01d927294962b5387f9ead4f18679158452be4f17c765ad0bdffe5264b9c7b0a"
url = "https://github.com/hadolint/hadolint/releases/download/v2.15.1/hadolint-windows-x86_64.exe"
url_api = "https://api.github.com/repos/hadolint/hadolint/releases/assets/496546508"

[[tools.typos]]
version = "1.49.0"
backend = "aqua:crate-ci/typos"

[tools.typos."platforms.linux-arm64"]
checksum = "sha256:85c8b87b22a0fb1da130cd4d495e0beba7f1225eb580933184509e146ec4c509"
url = "https://github.com/crate-ci/typos/releases/download/v1.49.0/typos-v1.49.0-aarch64-unknown-linux-musl.tar.gz"
url_api = "https://api.github.com/repos/crate-ci/typos/releases/assets/500258983"

[tools.typos."platforms.linux-arm64-musl"]
checksum = "sha256:85c8b87b22a0fb1da130cd4d495e0beba7f1225eb580933184509e146ec4c509"
url = "https://github.com/crate-ci/typos/releases/download/v1.49.0/typos-v1.49.0-aarch64-unknown-linux-musl.tar.gz"
url_api = "https://api.github.com/repos/crate-ci/typos/releases/assets/500258983"

[tools.typos."platforms.linux-x64"]
checksum = "sha256:48bd2d58e02ce713b8c0f1aa239e68ee4f7d8c551013135806e6aed3938d9e10"
url = "https://github.com/crate-ci/typos/releases/download/v1.49.0/typos-v1.49.0-x86_64-unknown-linux-musl.tar.gz"
url_api = "https://api.github.com/repos/crate-ci/typos/releases/assets/500261019"

[tools.typos."platforms.linux-x64-musl"]
checksum = "sha256:48bd2d58e02ce713b8c0f1aa239e68ee4f7d8c551013135806e6aed3938d9e10"
url = "https://github.com/crate-ci/typos/releases/download/v1.49.0/typos-v1.49.0-x86_64-unknown-linux-musl.tar.gz"
url_api = "https://api.github.com/repos/crate-ci/typos/releases/assets/500261019"

[tools.typos."platforms.macos-arm64"]
checksum = "sha256:8c0e7bd40b2b60c0b0cfe9f74dd814b4d4385c956ce86860f7da9e62d91fdc73"
url = "https://github.com/crate-ci/typos/releases/download/v1.49.0/typos-v1.49.0-aarch64-apple-darwin.tar.gz"
url_api = "https://api.github.com/repos/crate-ci/typos/releases/assets/500262463"

[tools.typos."platforms.macos-x64"]
checksum = "sha256:4cecbf653a9fc45f023abf57f4e2e2f6b138c2d2387b09289beacdd3f0ea7bfd"
url = "https://github.com/crate-ci/typos/releases/download/v1.49.0/typos-v1.49.0-x86_64-apple-darwin.tar.gz"
url_api = "https://api.github.com/repos/crate-ci/typos/releases/assets/500259181"

[tools.typos."platforms.windows-x64"]
checksum = "sha256:06d3a1b71c282e021671070696a72696d5c60ea485b47dc4f8f1fbcf90144d02"
url = "https://github.com/crate-ci/typos/releases/download/v1.49.0/typos-v1.49.0-x86_64-pc-windows-msvc.zip"
url_api = "https://api.github.com/repos/crate-ci/typos/releases/assets/500264256"
